// !$*UTF8*$!
{
	archiveVersion = 1;
	classes = {
	};
	objectVersion = 46;
	objects = {

/* Begin PBXBuildFile section */
		A779FA8819514E8B00620117 /* Foundation.framework in Frameworks */ = {isa = PBXBuildFile; fileRef = A779FA8719514E8A00620117 /* Foundation.framework */; };
		A779FA8A19514E8B00620117 /* CoreGraphics.framework in Frameworks */ = {isa = PBXBuildFile; fileRef = A779FA8919514E8B00620117 /* CoreGraphics.framework */; };
		A779FA8C19514E8B00620117 /* UIKit.framework in Frameworks */ = {isa = PBXBuildFile; fileRef = A779FA8B19514E8B00620117 /* UIKit.framework */; };
		A779FA9219514E8B00620117 /* InfoPlist.strings in Resources */ = {isa = PBXBuildFile; fileRef = A779FA9019514E8B00620117 /* InfoPlist.strings */; };
		A779FA9419514E8B00620117 /* main.m in Sources */ = {isa = PBXBuildFile; fileRef = A779FA9319514E8B00620117 /* main.m */; };
		A779FA9819514E8B00620117 /* AppDelegate.m in Sources */ = {isa = PBXBuildFile; fileRef = A779FA9719514E8B00620117 /* AppDelegate.m */; };
		A779FA9B19514E8B00620117 /* Main.storyboard in Resources */ = {isa = PBXBuildFile; fileRef = A779FA9919514E8B00620117 /* Main.storyboard */; };
		A779FA9E19514E8B00620117 /* ViewController.m in Sources */ = {isa = PBXBuildFile; fileRef = A779FA9D19514E8B00620117 /* ViewController.m */; };
		A779FAA019514E8B00620117 /* Images.xcassets in Resources */ = {isa = PBXBuildFile; fileRef = A779FA9F19514E8B00620117 /* Images.xcassets */; };
		A779FAA719514E8B00620117 /* XCTest.framework in Frameworks */ = {isa = PBXBuildFile; fileRef = A779FAA619514E8B00620117 /* XCTest.framework */; };
		A779FAA819514E8B00620117 /* Foundation.framework in Frameworks */ = {isa = PBXBuildFile; fileRef = A779FA8719514E8A00620117 /* Foundation.framework */; };
		A779FAA919514E8B00620117 /* UIKit.framework in Frameworks */ = {isa = PBXBuildFile; fileRef = A779FA8B19514E8B00620117 /* UIKit.framework */; };
		A779FAB119514E8B00620117 /* InfoPlist.strings in Resources */ = {isa = PBXBuildFile; fileRef = A779FAAF19514E8B00620117 /* InfoPlist.strings */; };
		A779FAB319514E8B00620117 /* Recipe_iOSTests.m in Sources */ = {isa = PBXBuildFile; fileRef = A779FAB219514E8B00620117 /* Recipe_iOSTests.m */; };
		A7A4478D195D0B42006E3C33 /* Recipe.m in Sources */ = {isa = PBXBuildFile; fileRef = A7A4478C195D0B42006E3C33 /* Recipe.m */; };
		A7CECE281974A649004DF8BA /* tiramisu.plist in Resources */ = {isa = PBXBuildFile; fileRef = A7CECE271974A649004DF8BA /* tiramisu.plist */; };
		A7CECE2A1974CF68004DF8BA /* tiramisu.jpg in Resources */ = {isa = PBXBuildFile; fileRef = A7CECE291974CF68004DF8BA /* tiramisu.jpg */; };
/* End PBXBuildFile section */

/* Begin PBXContainerItemProxy section */
		A779FAAA19514E8B00620117 /* PBXContainerItemProxy */ = {
			isa = PBXContainerItemProxy;
			containerPortal = A779FA7C19514E8A00620117 /* Project object */;
			proxyType = 1;
			remoteGlobalIDString = A779FA8319514E8A00620117;
			remoteInfo = Recipe_iOS;
		};
/* End PBXContainerItemProxy section */

/* Begin PBXFileReference section */
		A779FA8419514E8A00620117 /* Recipe_iOS.app */ = {isa = PBXFileReference; explicitFileType = wrapper.application; includeInIndex = 0; path = Recipe_iOS.app; sourceTree = BUILT_PRODUCTS_DIR; };
		A779FA8719514E8A00620117 /* Foundation.framework */ = {isa = PBXFileReference; lastKnownFileType = wrapper.framework; name = Foundation.framework; path = System/Library/Frameworks/Foundation.framework; sourceTree = SDKROOT; };
		A779FA8919514E8B00620117 /* CoreGraphics.framework */ = {isa = PBXFileReference; lastKnownFileType = wrapper.framework; name = CoreGraphics.framework; path = System/Library/Frameworks/CoreGraphics.framework; sourceTree = SDKROOT; };
		A779FA8B19514E8B00620117 /* UIKit.framework */ = {isa = PBXFileReference; lastKnownFileType = wrapper.framework; name = UIKit.framework; path = System/Library/Frameworks/UIKit.framework; sourceTree = SDKROOT; };
		A779FA8F19514E8B00620117 /* Recipe_iOS-Info.plist */ = {isa = PBXFileReference; lastKnownFileType = text.plist.xml; path = "Recipe_iOS-Info.plist"; sourceTree = "<group>"; };
		A779FA9119514E8B00620117 /* en */ = {isa = PBXFileReference; lastKnownFileType = text.plist.strings; name = en; path = en.lproj/InfoPlist.strings; sourceTree = "<group>"; };
		A779FA9319514E8B00620117 /* main.m */ = {isa = PBXFileReference; lastKnownFileType = sourcecode.c.objc; path = main.m; sourceTree = "<group>"; };
		A779FA9519514E8B00620117 /* Recipe_iOS-Prefix.pch */ = {isa = PBXFileReference; lastKnownFileType = sourcecode.c.h; path = "Recipe_iOS-Prefix.pch"; sourceTree = "<group>"; };
		A779FA9619514E8B00620117 /* AppDelegate.h */ = {isa = PBXFileReference; lastKnownFileType = sourcecode.c.h; path = AppDelegate.h; sourceTree = "<group>"; };
		A779FA9719514E8B00620117 /* AppDelegate.m */ = {isa = PBXFileReference; lastKnownFileType = sourcecode.c.objc; path = AppDelegate.m; sourceTree = "<group>"; };
		A779FA9A19514E8B00620117 /* Base */ = {isa = PBXFileReference; lastKnownFileType = file.storyboard; name = Base; path = Base.lproj/Main.storyboard; sourceTree = "<group>"; };
		A779FA9C19514E8B00620117 /* ViewController.h */ = {isa = PBXFileReference; lastKnownFileType = sourcecode.c.h; path = ViewController.h; sourceTree = "<group>"; };
		A779FA9D19514E8B00620117 /* ViewController.m */ = {isa = PBXFileReference; lastKnownFileType = sourcecode.c.objc; path = ViewController.m; sourceTree = "<group>"; };
		A779FA9F19514E8B00620117 /* Images.xcassets */ = {isa = PBXFileReference; lastKnownFileType = folder.assetcatalog; path = Images.xcassets; sourceTree = "<group>"; };
		A779FAA519514E8B00620117 /* Recipe_iOSTests.xctest */ = {isa = PBXFileReference; explicitFileType = wrapper.cfbundle; includeInIndex = 0; path = Recipe_iOSTests.xctest; sourceTree = BUILT_PRODUCTS_DIR; };
		A779FAA619514E8B00620117 /* XCTest.framework */ = {isa = PBXFileReference; lastKnownFileType = wrapper.framework; name = XCTest.framework; path = Library/Frameworks/XCTest.framework; sourceTree = DEVELOPER_DIR; };
		A779FAAE19514E8B00620117 /* Recipe_iOSTests-Info.plist */ = {isa = PBXFileReference; lastKnownFileType = text.plist.xml; path = "Recipe_iOSTests-Info.plist"; sourceTree = "<group>"; };
		A779FAB019514E8B00620117 /* en */ = {isa = PBXFileReference; lastKnownFileType = text.plist.strings; name = en; path = en.lproj/InfoPlist.strings; sourceTree = "<group>"; };
		A779FAB219514E8B00620117 /* Recipe_iOSTests.m */ = {isa = PBXFileReference; lastKnownFileType = sourcecode.c.objc; path = Recipe_iOSTests.m; sourceTree = "<group>"; };
		A7A4478B195D0B42006E3C33 /* Recipe.h */ = {isa = PBXFileReference; fileEncoding = 4; lastKnownFileType = sourcecode.c.h; name = Recipe.h; path = Recipe_iOS/Recipe.h; sourceTree = "<group>"; };
		A7A4478C195D0B42006E3C33 /* Recipe.m */ = {isa = PBXFileReference; fileEncoding = 4; lastKnownFileType = sourcecode.c.objc; name = Recipe.m; path = Recipe_iOS/Recipe.m; sourceTree = "<group>"; };
		A7CECE271974A649004DF8BA /* tiramisu.plist */ = {isa = PBXFileReference; fileEncoding = 4; lastKnownFileType = text.plist.xml; path = tiramisu.plist; sourceTree = "<group>"; };
		A7CECE291974CF68004DF8BA /* tiramisu.jpg */ = {isa = PBXFileReference; lastKnownFileType = image.jpeg; path = tiramisu.jpg; sourceTree = "<group>"; };
/* End PBXFileReference section */

/* Begin PBXFrameworksBuildPhase section */
		A779FA8119514E8A00620117 /* Frameworks */ = {
			isa = PBXFrameworksBuildPhase;
			buildActionMask = 2147483647;
			files = (
				A779FA8A19514E8B00620117 /* CoreGraphics.framework in Frameworks */,
				A779FA8C19514E8B00620117 /* UIKit.framework in Frameworks */,
				A779FA8819514E8B00620117 /* Foundation.framework in Frameworks */,
			);
			runOnlyForDeploymentPostprocessing = 0;
		};
		A779FAA219514E8B00620117 /* Frameworks */ = {
			isa = PBXFrameworksBuildPhase;
			buildActionMask = 2147483647;
			files = (
				A779FAA719514E8B00620117 /* XCTest.framework in Frameworks */,
				A779FAA919514E8B00620117 /* UIKit.framework in Frameworks */,
				A779FAA819514E8B00620117 /* Foundation.framework in Frameworks */,
			);
			runOnlyForDeploymentPostprocessing = 0;
		};
/* End PBXFrameworksBuildPhase section */

/* Begin PBXGroup section */
		A779FA7B19514E8A00620117 = {
			isa = PBXGroup;
			children = (
				A779FA8D19514E8B00620117 /* Recipe_iOS */,
				A779FAAC19514E8B00620117 /* Recipe_iOSTests */,
				A779FA8619514E8A00620117 /* Frameworks */,
				A779FA8519514E8A00620117 /* Products */,
			);
			sourceTree = "<group>";
		};
		A779FA8519514E8A00620117 /* Products */ = {
			isa = PBXGroup;
			children = (
				A779FA8419514E8A00620117 /* Recipe_iOS.app */,
				A779FAA519514E8B00620117 /* Recipe_iOSTests.xctest */,
			);
			name = Products;
			sourceTree = "<group>";
		};
		A779FA8619514E8A00620117 /* Frameworks */ = {
			isa = PBXGroup;
			children = (
				A779FA8719514E8A00620117 /* Foundation.framework */,
				A779FA8919514E8B00620117 /* CoreGraphics.framework */,
				A779FA8B19514E8B00620117 /* UIKit.framework */,
				A779FAA619514E8B00620117 /* XCTest.framework */,
			);
			name = Frameworks;
			sourceTree = "<group>";
		};
		A779FA8D19514E8B00620117 /* Recipe_iOS */ = {
			isa = PBXGroup;
			children = (
				A779FA9F19514E8B00620117 /* Images.xcassets */,
				A779FA9919514E8B00620117 /* Main.storyboard */,
				A779FA9C19514E8B00620117 /* ViewController.h */,
				A779FA9D19514E8B00620117 /* ViewController.m */,
				A7CECE2B1974D1EF004DF8BA /* Model */,
				A779FA8E19514E8B00620117 /* Supporting Files */,
			);
			path = Recipe_iOS;
			sourceTree = "<group>";
		};
		A779FA8E19514E8B00620117 /* Supporting Files */ = {
			isa = PBXGroup;
			children = (
				A779FA9619514E8B00620117 /* AppDelegate.h */,
				A779FA9719514E8B00620117 /* AppDelegate.m */,
				A7CECE271974A649004DF8BA /* tiramisu.plist */,
				A7CECE291974CF68004DF8BA /* tiramisu.jpg */,
				A779FA8F19514E8B00620117 /* Recipe_iOS-Info.plist */,
				A779FA9019514E8B00620117 /* InfoPlist.strings */,
				A779FA9319514E8B00620117 /* main.m */,
				A779FA9519514E8B00620117 /* Recipe_iOS-Prefix.pch */,
			);
			name = "Supporting Files";
			sourceTree = "<group>";
		};
		A779FAAC19514E8B00620117 /* Recipe_iOSTests */ = {
			isa = PBXGroup;
			children = (
				A779FAB219514E8B00620117 /* Recipe_iOSTests.m */,
				A779FAAD19514E8B00620117 /* Supporting Files */,
			);
			path = Recipe_iOSTests;
			sourceTree = "<group>";
		};
		A779FAAD19514E8B00620117 /* Supporting Files */ = {
			isa = PBXGroup;
			children = (
				A779FAAE19514E8B00620117 /* Recipe_iOSTests-Info.plist */,
				A779FAAF19514E8B00620117 /* InfoPlist.strings */,
			);
			name = "Supporting Files";
			sourceTree = "<group>";
		};
		A7CECE2B1974D1EF004DF8BA /* Model */ = {
			isa = PBXGroup;
			children = (
				A7A4478B195D0B42006E3C33 /* Recipe.h */,
				A7A4478C195D0B42006E3C33 /* Recipe.m */,
			);
			name = Model;
			path = ..;
			sourceTree = "<group>";
		};
/* End PBXGroup section */

/* Begin PBXNativeTarget section */
		A779FA8319514E8A00620117 /* Recipe_iOS */ = {
			isa = PBXNativeTarget;
			buildConfigurationList = A779FAB619514E8B00620117 /* Build configuration list for PBXNativeTarget "Recipe_iOS" */;
			buildPhases = (
				A779FA8019514E8A00620117 /* Sources */,
				A779FA8119514E8A00620117 /* Frameworks */,
				A779FA8219514E8A00620117 /* Resources */,
			);
			buildRules = (
			);
			dependencies = (
			);
			name = Recipe_iOS;
			productName = Recipe_iOS;
			productReference = A779FA8419514E8A00620117 /* Recipe_iOS.app */;
			productType = "com.apple.product-type.application";
		};
		A779FAA419514E8B00620117 /* Recipe_iOSTests */ = {
			isa = PBXNativeTarget;
			buildConfigurationList = A779FAB919514E8B00620117 /* Build configuration list for PBXNativeTarget "Recipe_iOSTests" */;
			buildPhases = (
				A779FAA119514E8B00620117 /* Sources */,
				A779FAA219514E8B00620117 /* Frameworks */,
				A779FAA319514E8B00620117 /* Resources */,
			);
			buildRules = (
			);
			dependencies = (
				A779FAAB19514E8B00620117 /* PBXTargetDependency */,
			);
			name = Recipe_iOSTests;
			productName = Recipe_iOSTests;
			productReference = A779FAA519514E8B00620117 /* Recipe_iOSTests.xctest */;
			productType = "com.apple.product-type.bundle.unit-test";
		};
/* End PBXNativeTarget section */

/* Begin PBXProject section */
		A779FA7C19514E8A00620117 /* Project object */ = {
			isa = PBXProject;
			attributes = {
				LastUpgradeCheck = 0510;
				ORGANIZATIONNAME = Alessandro;
				TargetAttributes = {
					A779FAA419514E8B00620117 = {
						TestTargetID = A779FA8319514E8A00620117;
					};
				};
			};
			buildConfigurationList = A779FA7F19514E8A00620117 /* Build configuration list for PBXProject "Recipe_iOS" */;
			compatibilityVersion = "Xcode 3.2";
			developmentRegion = English;
			hasScannedForEncodings = 0;
			knownRegions = (
				en,
				Base,
			);
			mainGroup = A779FA7B19514E8A00620117;
			productRefGroup = A779FA8519514E8A00620117 /* Products */;
			projectDirPath = "";
			projectRoot = "";
			targets = (
				A779FA8319514E8A00620117 /* Recipe_iOS */,
				A779FAA419514E8B00620117 /* Recipe_iOSTests */,
			);
		};
/* End PBXProject section */

/* Begin PBXResourcesBuildPhase section */
		A779FA8219514E8A00620117 /* Resources */ = {
			isa = PBXResourcesBuildPhase;
			buildActionMask = 2147483647;
			files = (
				A779FAA019514E8B00620117 /* Images.xcassets in Resources */,
				A779FA9219514E8B00620117 /* InfoPlist.strings in Resources */,
				A7CECE281974A649004DF8BA /* tiramisu.plist in Resources */,
				A779FA9B19514E8B00620117 /* Main.storyboard in Resources */,
				A7CECE2A1974CF68004DF8BA /* tiramisu.jpg in Resources */,
			);
			runOnlyForDeploymentPostprocessing = 0;
		};
		A779FAA319514E8B00620117 /* Resources */ = {
			isa = PBXResourcesBuildPhase;
			buildActionMask = 2147483647;
			files = (
				A779FAB119514E8B00620117 /* InfoPlist.strings in Resources */,
			);
			runOnlyForDeploymentPostprocessing = 0;
		};
/* End PBXResourcesBuildPhase section */

/* Begin PBXSourcesBuildPhase section */
		A779FA8019514E8A00620117 /* Sources */ = {
			isa = PBXSourcesBuildPhase;
			buildActionMask = 2147483647;
			files = (
				A779FA9E19514E8B00620117 /* ViewController.m in Sources */,
				A779FA9819514E8B00620117 /* AppDelegate.m in Sources */,
				A779FA9419514E8B00620117 /* main.m in Sources */,
				A7A4478D195D0B42006E3C33 /* Recipe.m in Sources */,
			);
			runOnlyForDeploymentPostprocessing = 0;
		};
		A779FAA119514E8B00620117 /* Sources */ = {
			isa = PBXSourcesBuildPhase;
			buildActionMask = 2147483647;
			files = (
				A779FAB319514E8B00620117 /* Recipe_iOSTests.m in Sources */,
			);
			runOnlyForDeploymentPostprocessing = 0;
		};
/* End PBXSourcesBuildPhase section */

/* Begin PBXTargetDependency section */
		A779FAAB19514E8B00620117 /* PBXTargetDependency */ = {
			isa = PBXTargetDependency;
			target = A779FA8319514E8A00620117 /* Recipe_iOS */;
			targetProxy = A779FAAA19514E8B00620117 /* PBXContainerItemProxy */;
		};
/* End PBXTargetDependency section */

/* Begin PBXVariantGroup section */
		A779FA9019514E8B00620117 /* InfoPlist.strings */ = {
			isa = PBXVariantGroup;
			children = (
				A779FA9119514E8B00620117 /* en */,
			);
			name = InfoPlist.strings;
			sourceTree = "<group>";
		};
		A779FA9919514E8B00620117 /* Main.storyboard */ = {
			isa = PBXVariantGroup;
			children = (
				A779FA9A19514E8B00620117 /* Base */,
			);
			name = Main.storyboard;
			sourceTree = "<group>";
		};
		A779FAAF19514E8B00620117 /* InfoPlist.strings */ = {
			isa = PBXVariantGroup;
			children = (
				A779FAB019514E8B00620117 /* en */,
			);
			name = InfoPlist.strings;
			sourceTree = "<group>";
		};
/* End PBXVariantGroup section */

/* Begin XCBuildConfiguration section */
		A779FAB419514E8B00620117 /* Debug */ = {
			isa = XCBuildConfiguration;
			buildSettings = {
				ALWAYS_SEARCH_USER_PATHS = NO;
				CLANG_CXX_LANGUAGE_STANDARD = "gnu++0x";
				CLANG_CXX_LIBRARY = "libc++";
				CLANG_ENABLE_MODULES = YES;
				CLANG_ENABLE_OBJC_ARC = YES;
				CLANG_WARN_BOOL_CONVERSION = YES;
				CLANG_WARN_CONSTANT_CONVERSION = YES;
				CLANG_WARN_DIRECT_OBJC_ISA_USAGE = YES_ERROR;
				CLANG_WARN_EMPTY_BODY = YES;
				CLANG_WARN_ENUM_CONVERSION = YES;
				CLANG_WARN_INT_CONVERSION = YES;
				CLANG_WARN_OBJC_ROOT_CLASS = YES_ERROR;
				CLANG_WARN__DUPLICATE_METHOD_MATCH = YES;
				"CODE_SIGN_IDENTITY[sdk=iphoneos*]" = "iPhone Developer";
				COPY_PHASE_STRIP = NO;
				GCC_C_LANGUAGE_STANDARD = gnu99;
				GCC_DYNAMIC_NO_PIC = NO;
				GCC_OPTIMIZATION_LEVEL = 0;
				GCC_PREPROCESSOR_DEFINITIONS = (
					"DEBUG=1",
					"$(inherited)",
				);
				GCC_SYMBOLS_PRIVATE_EXTERN = NO;
				GCC_WARN_64_TO_32_BIT_CONVERSION = YES;
				GCC_WARN_ABOUT_RETURN_TYPE = YES_ERROR;
				GCC_WARN_UNDECLARED_SELECTOR = YES;
				GCC_WARN_UNINITIALIZED_AUTOS = YES_AGGRESSIVE;
				GCC_WARN_UNUSED_FUNCTION = YES;
				GCC_WARN_UNUSED_VARIABLE = YES;
				IPHONEOS_DEPLOYMENT_TARGET = 7.1;
				ONLY_ACTIVE_ARCH = YES;
				SDKROOT = iphoneos;
			};
			name = Debug;
		};
		A779FAB519514E8B00620117 /* Release */ = {
			isa = XCBuildConfiguration;
			buildSettings = {
				ALWAYS_SEARCH_USER_PATHS = NO;
				CLANG_CXX_LANGUAGE_STANDARD = "gnu++0x";
				CLANG_CXX_LIBRARY = "libc++";
				CLANG_ENABLE_MODULES = YES;
				CLANG_ENABLE_OBJC_ARC = YES;
				CLANG_WARN_BOOL_CONVERSION = YES;
				CLANG_WARN_CONSTANT_CONVERSION = YES;
				CLANG_WARN_DIRECT_OBJC_ISA_USAGE = YES_ERROR;
				CLANG_WARN_EMPTY_BODY = YES;
				CLANG_WARN_ENUM_CONVERSION = YES;
				CLANG_WARN_INT_CONVERSION = YES;
				CLANG_WARN_OBJC_ROOT_CLASS = YES_ERROR;
				CLANG_WARN__DUPLICATE_METHOD_MATCH = YES;
				"CODE_SIGN_IDENTITY[sdk=iphoneos*]" = "iPhone Developer";
				COPY_PHASE_STRIP = YES;
				ENABLE_NS_ASSERTIONS = NO;
				GCC_C_LANGUAGE_STANDARD = gnu99;
				GCC_WARN_64_TO_32_BIT_CONVERSION = YES;
				GCC_WARN_ABOUT_RETURN_TYPE = YES_ERROR;
				GCC_WARN_UNDECLARED_SELECTOR = YES;
				GCC_WARN_UNINITIALIZED_AUTOS = YES_AGGRESSIVE;
				GCC_WARN_UNUSED_FUNCTION = YES;
				GCC_WARN_UNUSED_VARIABLE = YES;
				IPHONEOS_DEPLOYMENT_TARGET = 7.1;
				SDKROOT = iphoneos;
				VALIDATE_PRODUCT = YES;
			};
			name = Release;
		};
		A779FAB719514E8B00620117 /* Debug */ = {
			isa = XCBuildConfiguration;
			buildSettings = {
				ASSETCATALOG_COMPILER_APPICON_NAME = AppIcon;
				ASSETCATALOG_COMPILER_LAUNCHIMAGE_NAME = LaunchImage;
				GCC_PRECOMPILE_PREFIX_HEADER = YES;
				GCC_PREFIX_HEADER = "Recipe_iOS/Recipe_iOS-Prefix.pch";
				INFOPLIST_FILE = "Recipe_iOS/Recipe_iOS-Info.plist";
				PRODUCT_NAME = "$(TARGET_NAME)";
				WRAPPER_EXTENSION = app;
			};
			name = Debug;
		};
		A779FAB819514E8B00620117 /* Release */ = {
			isa = XCBuildConfiguration;
			buildSettings = {
				ASSETCATALOG_COMPILER_APPICON_NAME = AppIcon;
				ASSETCATALOG_COMPILER_LAUNCHIMAGE_NAME = LaunchImage;
				GCC_PRECOMPILE_PREFIX_HEADER = YES;
				GCC_PREFIX_HEADER = "Recipe_iOS/Recipe_iOS-Prefix.pch";
				INFOPLIST_FILE = "Recipe_iOS/Recipe_iOS-Info.plist";
				PRODUCT_NAME = "$(TARGET_NAME)";
				WRAPPER_EXTENSION = app;
			};
			name = Release;
		};
		A779FABA19514E8B00620117 /* Debug */ = {
			isa = XCBuildConfiguration;
			buildSettings = {
				BUNDLE_LOADER = "$(BUILT_PRODUCTS_DIR)/Recipe_iOS.app/Recipe_iOS";
				FRAMEWORK_SEARCH_PATHS = (
					"$(SDKROOT)/Developer/Library/Frameworks",
					"$(inherited)",
					"$(DEVELOPER_FRAMEWORKS_DIR)",
				);
				GCC_PRECOMPILE_PREFIX_HEADER = YES;
				GCC_PREFIX_HEADER = "Recipe_iOS/Recipe_iOS-Prefix.pch";
				GCC_PREPROCESSOR_DEFINITIONS = (
					"DEBUG=1",
					"$(inherited)",
				);
				INFOPLIST_FILE = "Recipe_iOSTests/Recipe_iOSTests-Info.plist";
				PRODUCT_NAME = "$(TARGET_NAME)";
				TEST_HOST = "$(BUNDLE_LOADER)";
				WRAPPER_EXTENSION = xctest;
			};
			name = Debug;
		};
		A779FABB19514E8B00620117 /* Release */ = {
			isa = XCBuildConfiguration;
			buildSettings = {
				BUNDLE_LOADER = "$(BUILT_PRODUCTS_DIR)/Recipe_iOS.app/Recipe_iOS";
				FRAMEWORK_SEARCH_PATHS = (
					"$(SDKROOT)/Developer/Library/Frameworks",
					"$(inherited)",
					"$(DEVELOPER_FRAMEWORKS_DIR)",
				);
				GCC_PRECOMPILE_PREFIX_HEADER = YES;
				GCC_PREFIX_HEADER = "Recipe_iOS/Recipe_iOS-Prefix.pch";
				INFOPLIST_FILE = "Recipe_iOSTests/Recipe_iOSTests-Info.plist";
				PRODUCT_NAME = "$(TARGET_NAME)";
				TEST_HOST = "$(BUNDLE_LOADER)";
				WRAPPER_EXTENSION = xctest;
			};
			name = Release;
		};
/* End XCBuildConfiguration section */

/* Begin XCConfigurationList section */
		A779FA7F19514E8A00620117 /* Build configuration list for PBXProject "Recipe_iOS" */ = {
			isa = XCConfigurationList;
			buildConfigurations = (
				A779FAB419514E8B00620117 /* Debug */,
				A779FAB519514E8B00620117 /* Release */,
			);
			defaultConfigurationIsVisible = 0;
			defaultConfigurationName = Release;
		};
		A779FAB619514E8B00620117 /* Build configuration list for PBXNativeTarget "Recipe_iOS" */ = {
			isa = XCConfigurationList;
			buildConfigurations = (
				A779FAB719514E8B00620117 /* Debug */,
				A779FAB819514E8B00620117 /* Release */,
			);
			defaultConfigurationIsVisible = 0;
			defaultConfigurationName = Release;
		};
		A779FAB919514E8B00620117 /* Build configuration list for PBXNativeTarget "Recipe_iOSTests" */ = {
			isa = XCConfigurationList;
			buildConfigurations = (
				A779FABA19514E8B00620117 /* Debug */,
				A779FABB19514E8B00620117 /* Release */,
			);
			defaultConfigurationIsVisible = 0;
			defaultConfigurationName = Release;
		};
/* End XCConfigurationList section */
	};
	rootObject = A779FA7C19514E8A00620117 /* Project object */;
}
